
Microsoft Visual Studio Solution File, Format Version 12.00
# Visual Studio 14
VisualStudioVersion = 14.0.25420.1
MinimumVisualStudioVersion = 10.0.40219.1
Project("{FAE04EC0-301F-11D3-BF4B-00C04F79EFBC}") = "MyClassHometask", "MyClassHometask\MyClassHometask.csproj", "{24A942F9-98D3-41A2-B252-182F448D105D}"
EndProject
Project("{FAE04EC0-301F-11D3-BF4B-00C04F79EFBC}") = "ClassForStudyLogic", "ClassForStudyLogic\ClassForStudyLogic.csproj", "{D09FA13C-7E25-46AE-83D7-BAA8604C4393}"
EndProject
Global
	GlobalSection(SolutionConfigurationPlatforms) = preSolution
		Debug|Any CPU = Debug|Any CPU
		Release|Any CPU = Release|Any CPU
	EndGlobalSection
	GlobalSection(ProjectConfigurationPlatforms) = postSolution
		{24A942F9-98D3-41A2-B252-182F448D105D}.Debug|Any CPU.ActiveCfg = Debug|Any CPU
		{24A942F9-98D3-41A2-B252-182F448D105D}.Debug|Any CPU.Build.0 = Debug|Any CPU
		{24A942F9-98D3-41A2-B252-182F448D105D}.Release|Any CPU.ActiveCfg = Release|Any CPU
		{24A942F9-98D3-41A2-B252-182F448D105D}.Release|Any CPU.Build.0 = Release|Any CPU
		{D09FA13C-7E25-46AE-83D7-BAA8604C4393}.Debug|Any CPU.ActiveCfg = Debug|Any CPU
		{D09FA13C-7E25-46AE-83D7-BAA8604C4393}.Debug|Any CPU.Build.0 = Debug|Any CPU
		{D09FA13C-7E25-46AE-83D7-BAA8604C4393}.Release|Any CPU.ActiveCfg = Release|Any CPU
		{D09FA13C-7E25-46AE-83D7-BAA8604C4393}.Release|Any CPU.Build.0 = Release|Any CPU
	EndGlobalSection
	GlobalSection(SolutionProperties) = preSolution
		HideSolutionNode = FALSE
	EndGlobalSection
EndGlobal
